
Microsoft Visual Studio Solution File, Format Version 12.00
# Visual Studio Version 17
VisualStudioVersion = 17.0.31912.275
MinimumVisualStudioVersion = 10.0.40219.1
Project("{9A19103F-16F7-4668-BE54-9A1E7A4F7556}") = "Distro.Admin.Domain", "Distro.Admin.Domain\Distro.Admin.Domain.csproj", "{A810EFC4-C238-4308-9C13-C201F0BE7025}"
EndProject
Project("{9A19103F-16F7-4668-BE54-9A1E7A4F7556}") = "Distro.Admin.Domain.Services", "Distro.Admin.Domain.Services\Distro.Admin.Domain.Services.csproj", "{C6FE1381-154D-4098-99FB-3E14DD16CE18}"
EndProject
Project("{2150E333-8FDC-42A3-9474-1A3956D46DE8}") = "0. Infrastructure", "0. Infrastructure", "{88107D5E-BA30-43FA-95F5-46D456E7E1DA}"
EndProject
Project("{2150E333-8FDC-42A3-9474-1A3956D46DE8}") = "2. Domain", "2. Domain", "{7BD63849-60AE-49AB-BFA5-2C85EE14FEA9}"
EndProject
Project("{9A19103F-16F7-4668-BE54-9A1E7A4F7556}") = "Distro.Admin.Distribution", "Distro.Admin.Distribution\Distro.Admin.Distribution.csproj", "{4CF2BA61-0546-40DC-9B8E-41DC5FE56B3C}"
EndProject
Project("{2150E333-8FDC-42A3-9474-1A3956D46DE8}") = "1. Distribution", "1. Distribution", "{F27888CF-00BE-401B-A375-C3BC170EF2B6}"
EndProject
Project("{9A19103F-16F7-4668-BE54-9A1E7A4F7556}") = "Distro.Admin.DataAccess", "Distro.Admin.DataAccess\Distro.Admin.DataAccess.csproj", "{A3130623-8BD9-4F87-81D1-CD8088CA339F}"
EndProject
Project("{2150E333-8FDC-42A3-9474-1A3956D46DE8}") = "3. Data Access", "3. Data Access", "{740C0539-1288-4CBF-B506-E4CF15769F1C}"
EndProject
Project("{9A19103F-16F7-4668-BE54-9A1E7A4F7556}") = "Distro.Admin.Tests", "Distro.Admin.Tests\Distro.Admin.Tests.csproj", "{FE4FD2FF-4FBC-47BC-9E70-0E2070C3B02D}"
EndProject
Project("{2150E333-8FDC-42A3-9474-1A3956D46DE8}") = "4. Testing", "4. Testing", "{92EA6BA7-8FE1-44AE-8379-F87BF96D30F0}"
EndProject
Project("{9A19103F-16F7-4668-BE54-9A1E7A4F7556}") = "Distro.Seedworks.DataAccess", "Distro.Seedworks.DataAccess\Distro.Seedworks.DataAccess\Distro.Seedworks.DataAccess.csproj", "{8003BBDA-96BE-41BC-AF1D-604C81AEB357}"
EndProject
Project("{9A19103F-16F7-4668-BE54-9A1E7A4F7556}") = "Distro.Seedworks.Instrumentation", "Distro.Seedworks.Instrumentation\Distro.Seedworks.Instrumentation\Distro.Seedworks.Instrumentation.csproj", "{959BF7E4-D825-40A3-A61C-EBF0A7A47420}"
EndProject
Project("{FAE04EC0-301F-11D3-BF4B-00C04F79EFBC}") = "Distro.Admin.Contracts", "Distro.Admin.Contracts\Distro.Admin.Contracts.csproj", "{4A7B54E1-5DBC-42D7-8782-088468100F97}"
EndProject
Global
	GlobalSection(SolutionConfigurationPlatforms) = preSolution
		Debug|Any CPU = Debug|Any CPU
		Release|Any CPU = Release|Any CPU
	EndGlobalSection
	GlobalSection(ProjectConfigurationPlatforms) = postSolution
		{A810EFC4-C238-4308-9C13-C201F0BE7025}.Debug|Any CPU.ActiveCfg = Debug|Any CPU
		{A810EFC4-C238-4308-9C13-C201F0BE7025}.Debug|Any CPU.Build.0 = Debug|Any CPU
		{A810EFC4-C238-4308-9C13-C201F0BE7025}.Release|Any CPU.ActiveCfg = Release|Any CPU
		{A810EFC4-C238-4308-9C13-C201F0BE7025}.Release|Any CPU.Build.0 = Release|Any CPU
		{C6FE1381-154D-4098-99FB-3E14DD16CE18}.Debug|Any CPU.ActiveCfg = Debug|Any CPU
		{C6FE1381-154D-4098-99FB-3E14DD16CE18}.Debug|Any CPU.Build.0 = Debug|Any CPU
		{C6FE1381-154D-4098-99FB-3E14DD16CE18}.Release|Any CPU.ActiveCfg = Release|Any CPU
		{C6FE1381-154D-4098-99FB-3E14DD16CE18}.Release|Any CPU.Build.0 = Release|Any CPU
		{4CF2BA61-0546-40DC-9B8E-41DC5FE56B3C}.Debug|Any CPU.ActiveCfg = Debug|Any CPU
		{4CF2BA61-0546-40DC-9B8E-41DC5FE56B3C}.Debug|Any CPU.Build.0 = Debug|Any CPU
		{4CF2BA61-0546-40DC-9B8E-41DC5FE56B3C}.Release|Any CPU.ActiveCfg = Release|Any CPU
		{4CF2BA61-0546-40DC-9B8E-41DC5FE56B3C}.Release|Any CPU.Build.0 = Release|Any CPU
		{A3130623-8BD9-4F87-81D1-CD8088CA339F}.Debug|Any CPU.ActiveCfg = Debug|Any CPU
		{A3130623-8BD9-4F87-81D1-CD8088CA339F}.Debug|Any CPU.Build.0 = Debug|Any CPU
		{A3130623-8BD9-4F87-81D1-CD8088CA339F}.Release|Any CPU.ActiveCfg = Release|Any CPU
		{A3130623-8BD9-4F87-81D1-CD8088CA339F}.Release|Any CPU.Build.0 = Release|Any CPU
		{FE4FD2FF-4FBC-47BC-9E70-0E2070C3B02D}.Debug|Any CPU.ActiveCfg = Debug|Any CPU
		{FE4FD2FF-4FBC-47BC-9E70-0E2070C3B02D}.Debug|Any CPU.Build.0 = Debug|Any CPU
		{FE4FD2FF-4FBC-47BC-9E70-0E2070C3B02D}.Release|Any CPU.ActiveCfg = Release|Any CPU
		{FE4FD2FF-4FBC-47BC-9E70-0E2070C3B02D}.Release|Any CPU.Build.0 = Release|Any CPU
		{8003BBDA-96BE-41BC-AF1D-604C81AEB357}.Debug|Any CPU.ActiveCfg = Debug|Any CPU
		{8003BBDA-96BE-41BC-AF1D-604C81AEB357}.Debug|Any CPU.Build.0 = Debug|Any CPU
		{8003BBDA-96BE-41BC-AF1D-604C81AEB357}.Release|Any CPU.ActiveCfg = Release|Any CPU
		{8003BBDA-96BE-41BC-AF1D-604C81AEB357}.Release|Any CPU.Build.0 = Release|Any CPU
		{959BF7E4-D825-40A3-A61C-EBF0A7A47420}.Debug|Any CPU.ActiveCfg = Debug|Any CPU
		{959BF7E4-D825-40A3-A61C-EBF0A7A47420}.Debug|Any CPU.Build.0 = Debug|Any CPU
		{959BF7E4-D825-40A3-A61C-EBF0A7A47420}.Release|Any CPU.ActiveCfg = Release|Any CPU
		{959BF7E4-D825-40A3-A61C-EBF0A7A47420}.Release|Any CPU.Build.0 = Release|Any CPU
		{4A7B54E1-5DBC-42D7-8782-088468100F97}.Debug|Any CPU.ActiveCfg = Debug|Any CPU
		{4A7B54E1-5DBC-42D7-8782-088468100F97}.Debug|Any CPU.Build.0 = Debug|Any CPU
		{4A7B54E1-5DBC-42D7-8782-088468100F97}.Release|Any CPU.ActiveCfg = Release|Any CPU
		{4A7B54E1-5DBC-42D7-8782-088468100F97}.Release|Any CPU.Build.0 = Release|Any CPU
	EndGlobalSection
	GlobalSection(SolutionProperties) = preSolution
		HideSolutionNode = FALSE
	EndGlobalSection
	GlobalSection(NestedProjects) = preSolution
		{A810EFC4-C238-4308-9C13-C201F0BE7025} = {7BD63849-60AE-49AB-BFA5-2C85EE14FEA9}
		{C6FE1381-154D-4098-99FB-3E14DD16CE18} = {7BD63849-60AE-49AB-BFA5-2C85EE14FEA9}
		{4CF2BA61-0546-40DC-9B8E-41DC5FE56B3C} = {F27888CF-00BE-401B-A375-C3BC170EF2B6}
		{A3130623-8BD9-4F87-81D1-CD8088CA339F} = {740C0539-1288-4CBF-B506-E4CF15769F1C}
		{FE4FD2FF-4FBC-47BC-9E70-0E2070C3B02D} = {92EA6BA7-8FE1-44AE-8379-F87BF96D30F0}
		{8003BBDA-96BE-41BC-AF1D-604C81AEB357} = {740C0539-1288-4CBF-B506-E4CF15769F1C}
		{959BF7E4-D825-40A3-A61C-EBF0A7A47420} = {88107D5E-BA30-43FA-95F5-46D456E7E1DA}
		{4A7B54E1-5DBC-42D7-8782-088468100F97} = {7BD63849-60AE-49AB-BFA5-2C85EE14FEA9}
	EndGlobalSection
	GlobalSection(ExtensibilityGlobals) = postSolution
		SolutionGuid = {5351531E-A3C7-425A-85D3-80BDC4E7324C}
	EndGlobalSection
EndGlobal
