
Microsoft Visual Studio Solution File, Format Version 12.00
# Visual Studio Version 17
VisualStudioVersion = 17.0.31912.275
MinimumVisualStudioVersion = 10.0.40219.1
Project("{2150E333-8FDC-42A3-9474-1A3956D46DE8}") = "0. Infrastructure", "0. Infrastructure", "{88107D5E-BA30-43FA-95F5-46D456E7E1DA}"
EndProject
Project("{2150E333-8FDC-42A3-9474-1A3956D46DE8}") = "2. Business Layer", "2. Business Layer", "{7BD63849-60AE-49AB-BFA5-2C85EE14FEA9}"
EndProject
Project("{9A19103F-16F7-4668-BE54-9A1E7A4F7556}") = "Distro.Admin.Distribution", "Distro.Admin.Distribution\Distro.Admin.Distribution.csproj", "{4CF2BA61-0546-40DC-9B8E-41DC5FE56B3C}"
EndProject
Project("{2150E333-8FDC-42A3-9474-1A3956D46DE8}") = "1. Distribution", "1. Distribution", "{F27888CF-00BE-401B-A375-C3BC170EF2B6}"
EndProject
Project("{9A19103F-16F7-4668-BE54-9A1E7A4F7556}") = "Distro.Admin.DataAccess", "Distro.Admin.DataAccess\Distro.Admin.DataAccess.csproj", "{A3130623-8BD9-4F87-81D1-CD8088CA339F}"
EndProject
Project("{2150E333-8FDC-42A3-9474-1A3956D46DE8}") = "3. Data Access", "3. Data Access", "{740C0539-1288-4CBF-B506-E4CF15769F1C}"
EndProject
Project("{9A19103F-16F7-4668-BE54-9A1E7A4F7556}") = "Distro.Admin.Tests", "Distro.Admin.Tests\Distro.Admin.Tests.csproj", "{FE4FD2FF-4FBC-47BC-9E70-0E2070C3B02D}"
EndProject
Project("{2150E333-8FDC-42A3-9474-1A3956D46DE8}") = "4. Testing", "4. Testing", "{92EA6BA7-8FE1-44AE-8379-F87BF96D30F0}"
EndProject
Project("{9A19103F-16F7-4668-BE54-9A1E7A4F7556}") = "Distro.Admin.BusinessServices", "Distro.Admin.BusinessServices\Distro.Admin.BusinessServices.csproj", "{51926D30-54AB-4CF6-ABA9-FB497168810E}"
EndProject
Project("{9A19103F-16F7-4668-BE54-9A1E7A4F7556}") = "Distro.Admin.Contracts", "Distro.Admin.Contracts\Distro.Admin.Contracts.csproj", "{1F8E9ED5-A2A7-4866-AB5A-9AC548856EB3}"
EndProject
Project("{9A19103F-16F7-4668-BE54-9A1E7A4F7556}") = "Distro.Seedworks.Infrastructure", "..\Distro.Seedworks.Infrastructure\Distro.Seedworks.Infrastructure.csproj", "{F6F51BD1-C671-4EED-B75C-7E45CBA8C48D}"
EndProject
Global
	GlobalSection(SolutionConfigurationPlatforms) = preSolution
		Debug|Any CPU = Debug|Any CPU
		Release|Any CPU = Release|Any CPU
	EndGlobalSection
	GlobalSection(ProjectConfigurationPlatforms) = postSolution
		{4CF2BA61-0546-40DC-9B8E-41DC5FE56B3C}.Debug|Any CPU.ActiveCfg = Debug|Any CPU
		{4CF2BA61-0546-40DC-9B8E-41DC5FE56B3C}.Debug|Any CPU.Build.0 = Debug|Any CPU
		{4CF2BA61-0546-40DC-9B8E-41DC5FE56B3C}.Release|Any CPU.ActiveCfg = Release|Any CPU
		{4CF2BA61-0546-40DC-9B8E-41DC5FE56B3C}.Release|Any CPU.Build.0 = Release|Any CPU
		{A3130623-8BD9-4F87-81D1-CD8088CA339F}.Debug|Any CPU.ActiveCfg = Debug|Any CPU
		{A3130623-8BD9-4F87-81D1-CD8088CA339F}.Debug|Any CPU.Build.0 = Debug|Any CPU
		{A3130623-8BD9-4F87-81D1-CD8088CA339F}.Release|Any CPU.ActiveCfg = Release|Any CPU
		{A3130623-8BD9-4F87-81D1-CD8088CA339F}.Release|Any CPU.Build.0 = Release|Any CPU
		{FE4FD2FF-4FBC-47BC-9E70-0E2070C3B02D}.Debug|Any CPU.ActiveCfg = Debug|Any CPU
		{FE4FD2FF-4FBC-47BC-9E70-0E2070C3B02D}.Debug|Any CPU.Build.0 = Debug|Any CPU
		{FE4FD2FF-4FBC-47BC-9E70-0E2070C3B02D}.Release|Any CPU.ActiveCfg = Release|Any CPU
		{FE4FD2FF-4FBC-47BC-9E70-0E2070C3B02D}.Release|Any CPU.Build.0 = Release|Any CPU
		{51926D30-54AB-4CF6-ABA9-FB497168810E}.Debug|Any CPU.ActiveCfg = Debug|Any CPU
		{51926D30-54AB-4CF6-ABA9-FB497168810E}.Debug|Any CPU.Build.0 = Debug|Any CPU
		{51926D30-54AB-4CF6-ABA9-FB497168810E}.Release|Any CPU.ActiveCfg = Release|Any CPU
		{51926D30-54AB-4CF6-ABA9-FB497168810E}.Release|Any CPU.Build.0 = Release|Any CPU
		{1F8E9ED5-A2A7-4866-AB5A-9AC548856EB3}.Debug|Any CPU.ActiveCfg = Debug|Any CPU
		{1F8E9ED5-A2A7-4866-AB5A-9AC548856EB3}.Debug|Any CPU.Build.0 = Debug|Any CPU
		{1F8E9ED5-A2A7-4866-AB5A-9AC548856EB3}.Release|Any CPU.ActiveCfg = Release|Any CPU
		{1F8E9ED5-A2A7-4866-AB5A-9AC548856EB3}.Release|Any CPU.Build.0 = Release|Any CPU
		{F6F51BD1-C671-4EED-B75C-7E45CBA8C48D}.Debug|Any CPU.ActiveCfg = Debug|Any CPU
		{F6F51BD1-C671-4EED-B75C-7E45CBA8C48D}.Debug|Any CPU.Build.0 = Debug|Any CPU
		{F6F51BD1-C671-4EED-B75C-7E45CBA8C48D}.Release|Any CPU.ActiveCfg = Release|Any CPU
		{F6F51BD1-C671-4EED-B75C-7E45CBA8C48D}.Release|Any CPU.Build.0 = Release|Any CPU
	EndGlobalSection
	GlobalSection(SolutionProperties) = preSolution
		HideSolutionNode = FALSE
	EndGlobalSection
	GlobalSection(NestedProjects) = preSolution
		{4CF2BA61-0546-40DC-9B8E-41DC5FE56B3C} = {F27888CF-00BE-401B-A375-C3BC170EF2B6}
		{A3130623-8BD9-4F87-81D1-CD8088CA339F} = {740C0539-1288-4CBF-B506-E4CF15769F1C}
		{FE4FD2FF-4FBC-47BC-9E70-0E2070C3B02D} = {92EA6BA7-8FE1-44AE-8379-F87BF96D30F0}
		{51926D30-54AB-4CF6-ABA9-FB497168810E} = {7BD63849-60AE-49AB-BFA5-2C85EE14FEA9}
		{1F8E9ED5-A2A7-4866-AB5A-9AC548856EB3} = {7BD63849-60AE-49AB-BFA5-2C85EE14FEA9}
		{F6F51BD1-C671-4EED-B75C-7E45CBA8C48D} = {88107D5E-BA30-43FA-95F5-46D456E7E1DA}
	EndGlobalSection
	GlobalSection(ExtensibilityGlobals) = postSolution
		SolutionGuid = {5351531E-A3C7-425A-85D3-80BDC4E7324C}
	EndGlobalSection
EndGlobal
